
Microsoft Visual Studio Solution File, Format Version 12.00
# Visual Studio Version 17
VisualStudioVersion = 17.0.32112.339
MinimumVisualStudioVersion = 10.0.40219.1
Project("{888888A0-9F3D-457C-B088-3A5042F75D52}") = "PythonCONN_TCP", "PythonCONN_TCP.pyproj", "{B9C27886-9F26-4EA4-AC13-283BC83A1C22}"
EndProject
Global
	GlobalSection(SolutionConfigurationPlatforms) = preSolution
		Debug|Any CPU = Debug|Any CPU
		Release|Any CPU = Release|Any CPU
	EndGlobalSection
	GlobalSection(ProjectConfigurationPlatforms) = postSolution
		{B9C27886-9F26-4EA4-AC13-283BC83A1C22}.Debug|Any CPU.ActiveCfg = Debug|Any CPU
		{B9C27886-9F26-4EA4-AC13-283BC83A1C22}.Release|Any CPU.ActiveCfg = Release|Any CPU
	EndGlobalSection
	GlobalSection(SolutionProperties) = preSolution
		HideSolutionNode = FALSE
	EndGlobalSection
	GlobalSection(ExtensibilityGlobals) = postSolution
		SolutionGuid = {1A7133BA-1F82-44D8-9FF8-6AFAA6F53404}
	EndGlobalSection
EndGlobal
